
Microsoft Visual Studio Solution File, Format Version 12.00
# Visual Studio Version 17
VisualStudioVersion = 17.10.35013.160
MinimumVisualStudioVersion = 10.0.40219.1
Project("{9A19103F-16F7-4668-BE54-9A1E7A4F7556}") = "AoC_2023_1", "AoC_2023_1\AoC_2023_1.csproj", "{C6D1B002-9B8C-41D5-B32B-078757B45DA3}"
EndProject
Project("{9A19103F-16F7-4668-BE54-9A1E7A4F7556}") = "Tests", "Tests\Tests.csproj", "{B543FDCE-3456-48D2-900A-57DB0477426B}"
EndProject
Project("{9A19103F-16F7-4668-BE54-9A1E7A4F7556}") = "AoC_2023_2", "AoC_2023_2\AoC_2023_2.csproj", "{C866AF68-0421-47F7-BDAE-274819CECC0E}"
EndProject
Project("{2150E333-8FDC-42A3-9474-1A3956D46DE8}") = "2023", "2023", "{E01CDC91-CE7E-44D5-A1B6-6C1174B78ED8}"
EndProject
Project("{9A19103F-16F7-4668-BE54-9A1E7A4F7556}") = "AoC_2023_3", "AoC_2023_3\AoC_2023_3.csproj", "{C4BFA046-E5C6-47AC-8943-95B5E4F3FED2}"
EndProject
Project("{9A19103F-16F7-4668-BE54-9A1E7A4F7556}") = "AoC_2023_4", "AoC_2023_4\AoC_2023_4.csproj", "{29908C4B-1CE4-4CF1-B128-B07768ADB934}"
EndProject
Project("{9A19103F-16F7-4668-BE54-9A1E7A4F7556}") = "AoC_2023_5", "AoC_2023_5\AoC_2023_5.csproj", "{F4504E77-4105-4B78-9DCF-89F0AD892B94}"
EndProject
Project("{2150E333-8FDC-42A3-9474-1A3956D46DE8}") = "2024", "2024", "{50F82019-FC92-4A7B-B655-2196D60EA897}"
EndProject
Project("{9A19103F-16F7-4668-BE54-9A1E7A4F7556}") = "AoC_2024_1", "AoC_2024_1\AoC_2024_1.csproj", "{EE30FF99-ED1B-400A-9290-B39E0E014643}"
EndProject
Project("{9A19103F-16F7-4668-BE54-9A1E7A4F7556}") = "AoC_2024_2", "AoC_2024_2\AoC_2024_2.csproj", "{87D9338D-5BCA-4065-A1CF-A5B8970B34FF}"
EndProject
Project("{FAE04EC0-301F-11D3-BF4B-00C04F79EFBC}") = "AoC_2024_3", "AoC_2024_3\AoC_2024_3.csproj", "{52443689-58A3-4082-AF61-FB4DE12F1BE6}"
EndProject
Global
	GlobalSection(SolutionConfigurationPlatforms) = preSolution
		Debug|Any CPU = Debug|Any CPU
		Release|Any CPU = Release|Any CPU
	EndGlobalSection
	GlobalSection(ProjectConfigurationPlatforms) = postSolution
		{C6D1B002-9B8C-41D5-B32B-078757B45DA3}.Debug|Any CPU.ActiveCfg = Debug|Any CPU
		{C6D1B002-9B8C-41D5-B32B-078757B45DA3}.Debug|Any CPU.Build.0 = Debug|Any CPU
		{C6D1B002-9B8C-41D5-B32B-078757B45DA3}.Release|Any CPU.ActiveCfg = Release|Any CPU
		{C6D1B002-9B8C-41D5-B32B-078757B45DA3}.Release|Any CPU.Build.0 = Release|Any CPU
		{B543FDCE-3456-48D2-900A-57DB0477426B}.Debug|Any CPU.ActiveCfg = Debug|Any CPU
		{B543FDCE-3456-48D2-900A-57DB0477426B}.Debug|Any CPU.Build.0 = Debug|Any CPU
		{B543FDCE-3456-48D2-900A-57DB0477426B}.Release|Any CPU.ActiveCfg = Release|Any CPU
		{B543FDCE-3456-48D2-900A-57DB0477426B}.Release|Any CPU.Build.0 = Release|Any CPU
		{C866AF68-0421-47F7-BDAE-274819CECC0E}.Debug|Any CPU.ActiveCfg = Debug|Any CPU
		{C866AF68-0421-47F7-BDAE-274819CECC0E}.Debug|Any CPU.Build.0 = Debug|Any CPU
		{C866AF68-0421-47F7-BDAE-274819CECC0E}.Release|Any CPU.ActiveCfg = Release|Any CPU
		{C866AF68-0421-47F7-BDAE-274819CECC0E}.Release|Any CPU.Build.0 = Release|Any CPU
		{C4BFA046-E5C6-47AC-8943-95B5E4F3FED2}.Debug|Any CPU.ActiveCfg = Debug|Any CPU
		{C4BFA046-E5C6-47AC-8943-95B5E4F3FED2}.Debug|Any CPU.Build.0 = Debug|Any CPU
		{C4BFA046-E5C6-47AC-8943-95B5E4F3FED2}.Release|Any CPU.ActiveCfg = Release|Any CPU
		{C4BFA046-E5C6-47AC-8943-95B5E4F3FED2}.Release|Any CPU.Build.0 = Release|Any CPU
		{29908C4B-1CE4-4CF1-B128-B07768ADB934}.Debug|Any CPU.ActiveCfg = Debug|Any CPU
		{29908C4B-1CE4-4CF1-B128-B07768ADB934}.Debug|Any CPU.Build.0 = Debug|Any CPU
		{29908C4B-1CE4-4CF1-B128-B07768ADB934}.Release|Any CPU.ActiveCfg = Release|Any CPU
		{29908C4B-1CE4-4CF1-B128-B07768ADB934}.Release|Any CPU.Build.0 = Release|Any CPU
		{F4504E77-4105-4B78-9DCF-89F0AD892B94}.Debug|Any CPU.ActiveCfg = Debug|Any CPU
		{F4504E77-4105-4B78-9DCF-89F0AD892B94}.Debug|Any CPU.Build.0 = Debug|Any CPU
		{F4504E77-4105-4B78-9DCF-89F0AD892B94}.Release|Any CPU.ActiveCfg = Release|Any CPU
		{F4504E77-4105-4B78-9DCF-89F0AD892B94}.Release|Any CPU.Build.0 = Release|Any CPU
		{EE30FF99-ED1B-400A-9290-B39E0E014643}.Debug|Any CPU.ActiveCfg = Debug|Any CPU
		{EE30FF99-ED1B-400A-9290-B39E0E014643}.Debug|Any CPU.Build.0 = Debug|Any CPU
		{EE30FF99-ED1B-400A-9290-B39E0E014643}.Release|Any CPU.ActiveCfg = Release|Any CPU
		{EE30FF99-ED1B-400A-9290-B39E0E014643}.Release|Any CPU.Build.0 = Release|Any CPU
		{87D9338D-5BCA-4065-A1CF-A5B8970B34FF}.Debug|Any CPU.ActiveCfg = Debug|Any CPU
		{87D9338D-5BCA-4065-A1CF-A5B8970B34FF}.Debug|Any CPU.Build.0 = Debug|Any CPU
		{87D9338D-5BCA-4065-A1CF-A5B8970B34FF}.Release|Any CPU.ActiveCfg = Release|Any CPU
		{87D9338D-5BCA-4065-A1CF-A5B8970B34FF}.Release|Any CPU.Build.0 = Release|Any CPU
		{52443689-58A3-4082-AF61-FB4DE12F1BE6}.Debug|Any CPU.ActiveCfg = Debug|Any CPU
		{52443689-58A3-4082-AF61-FB4DE12F1BE6}.Debug|Any CPU.Build.0 = Debug|Any CPU
		{52443689-58A3-4082-AF61-FB4DE12F1BE6}.Release|Any CPU.ActiveCfg = Release|Any CPU
		{52443689-58A3-4082-AF61-FB4DE12F1BE6}.Release|Any CPU.Build.0 = Release|Any CPU
	EndGlobalSection
	GlobalSection(SolutionProperties) = preSolution
		HideSolutionNode = FALSE
	EndGlobalSection
	GlobalSection(NestedProjects) = preSolution
		{C6D1B002-9B8C-41D5-B32B-078757B45DA3} = {E01CDC91-CE7E-44D5-A1B6-6C1174B78ED8}
		{C866AF68-0421-47F7-BDAE-274819CECC0E} = {E01CDC91-CE7E-44D5-A1B6-6C1174B78ED8}
		{C4BFA046-E5C6-47AC-8943-95B5E4F3FED2} = {E01CDC91-CE7E-44D5-A1B6-6C1174B78ED8}
		{29908C4B-1CE4-4CF1-B128-B07768ADB934} = {E01CDC91-CE7E-44D5-A1B6-6C1174B78ED8}
		{F4504E77-4105-4B78-9DCF-89F0AD892B94} = {E01CDC91-CE7E-44D5-A1B6-6C1174B78ED8}
		{EE30FF99-ED1B-400A-9290-B39E0E014643} = {50F82019-FC92-4A7B-B655-2196D60EA897}
		{87D9338D-5BCA-4065-A1CF-A5B8970B34FF} = {50F82019-FC92-4A7B-B655-2196D60EA897}
		{52443689-58A3-4082-AF61-FB4DE12F1BE6} = {50F82019-FC92-4A7B-B655-2196D60EA897}
	EndGlobalSection
	GlobalSection(ExtensibilityGlobals) = postSolution
		SolutionGuid = {A9F43ED7-1E86-48A9-B900-8B98D867CB03}
	EndGlobalSection
EndGlobal
